
Microsoft Visual Studio Solution File, Format Version 12.00
# Visual Studio Version 17
VisualStudioVersion = 17.5.33530.505
MinimumVisualStudioVersion = 10.0.40219.1
Project("{9A19103F-16F7-4668-BE54-9A1E7A4F7556}") = "RS.WPF.MessageDisplay", "RS.WPF.MessageDisplay.csproj", "{342B52B6-5122-44BC-BBC5-22EEC259F586}"
EndProject
Global
	GlobalSection(SolutionConfigurationPlatforms) = preSolution
		Debug|Any CPU = Debug|Any CPU
		Release|Any CPU = Release|Any CPU
	EndGlobalSection
	GlobalSection(ProjectConfigurationPlatforms) = postSolution
		{342B52B6-5122-44BC-BBC5-22EEC259F586}.Debug|Any CPU.ActiveCfg = Debug|Any CPU
		{342B52B6-5122-44BC-BBC5-22EEC259F586}.Debug|Any CPU.Build.0 = Debug|Any CPU
		{342B52B6-5122-44BC-BBC5-22EEC259F586}.Release|Any CPU.ActiveCfg = Release|Any CPU
		{342B52B6-5122-44BC-BBC5-22EEC259F586}.Release|Any CPU.Build.0 = Release|Any CPU
	EndGlobalSection
	GlobalSection(SolutionProperties) = preSolution
		HideSolutionNode = FALSE
	EndGlobalSection
	GlobalSection(ExtensibilityGlobals) = postSolution
		SolutionGuid = {EE613CC2-5CDF-45EC-A034-C9C63BDC3B87}
	EndGlobalSection
EndGlobal
